schema: '2.0'
stages:
  load_data:
    cmd: python src/utils/data_utils.py --config=params.yaml
    deps:
    - path: data_given/winequality.csv
      md5: be27b6f214fffe4c84f60b2036c292a8
      size: 390376
    - path: src/utils/data_utils.py
      md5: 159ef935f032cd6266dac88782e3e496
      size: 743
    - path: src/utils/utils.py
      md5: 8647301cc966df1d526f817edc69b14e
      size: 560
    outs:
    - path: data/raw/winequality.csv
      md5: 254eff3840191f044179add0a83fd579
      size: 457324
